Microsoft Visual Studio Solution File, Format Version 12.00
# Visual Studio Version 17
VisualStudioVersion = 17.5.2.0
MinimumVisualStudioVersion = 10.0.40219.1
Project("{2150E333-8FDC-42A3-9474-1A3956D46DE8}") = "unity", "unity", "{F2F4A18A-13DA-A99B-7F1B-2CF93E0D20FA}"
EndProject
Project("{2150E333-8FDC-42A3-9474-1A3956D46DE8}") = "go2_unity_control", "go2_unity_control", "{34C92ECB-8ED6-7A13-61EC-C0F5B14321F3}"
EndProject
Project("{FAE04EC0-301F-11D3-BF4B-00C04F79EFBC}") = "Assembly-CSharp-Editor", "unity\go2_unity_control\Assembly-CSharp-Editor.csproj", "{C7347A1F-BFFC-169E-174F-0C4DF68DBB61}"
EndProject
Project("{FAE04EC0-301F-11D3-BF4B-00C04F79EFBC}") = "Assembly-CSharp", "unity\go2_unity_control\Assembly-CSharp.csproj", "{17CA3A58-84D5-081F-C925-8620B63F1791}"
EndProject
Global
	GlobalSection(SolutionConfigurationPlatforms) = preSolution
		Debug|Any CPU = Debug|Any CPU
		Release|Any CPU = Release|Any CPU
	EndGlobalSection
	GlobalSection(ProjectConfigurationPlatforms) = postSolution
		{C7347A1F-BFFC-169E-174F-0C4DF68DBB61}.Debug|Any CPU.ActiveCfg = Debug|Any CPU
		{C7347A1F-BFFC-169E-174F-0C4DF68DBB61}.Debug|Any CPU.Build.0 = Debug|Any CPU
		{C7347A1F-BFFC-169E-174F-0C4DF68DBB61}.Release|Any CPU.ActiveCfg = Release|Any CPU
		{C7347A1F-BFFC-169E-174F-0C4DF68DBB61}.Release|Any CPU.Build.0 = Release|Any CPU
		{17CA3A58-84D5-081F-C925-8620B63F1791}.Debug|Any CPU.ActiveCfg = Debug|Any CPU
		{17CA3A58-84D5-081F-C925-8620B63F1791}.Debug|Any CPU.Build.0 = Debug|Any CPU
		{17CA3A58-84D5-081F-C925-8620B63F1791}.Release|Any CPU.ActiveCfg = Release|Any CPU
		{17CA3A58-84D5-081F-C925-8620B63F1791}.Release|Any CPU.Build.0 = Release|Any CPU
	EndGlobalSection
	GlobalSection(SolutionProperties) = preSolution
		HideSolutionNode = FALSE
	EndGlobalSection
	GlobalSection(NestedProjects) = preSolution
		{34C92ECB-8ED6-7A13-61EC-C0F5B14321F3} = {F2F4A18A-13DA-A99B-7F1B-2CF93E0D20FA}
		{C7347A1F-BFFC-169E-174F-0C4DF68DBB61} = {34C92ECB-8ED6-7A13-61EC-C0F5B14321F3}
		{17CA3A58-84D5-081F-C925-8620B63F1791} = {34C92ECB-8ED6-7A13-61EC-C0F5B14321F3}
	EndGlobalSection
	GlobalSection(ExtensibilityGlobals) = postSolution
		SolutionGuid = {F430CDAC-EB0B-4965-A21D-70AEF83A4C06}
	EndGlobalSection
EndGlobal
